
Microsoft Visual Studio Solution File, Format Version 12.00
# Visual Studio Version 16
VisualStudioVersion = 16.0.31702.278
MinimumVisualStudioVersion = 10.0.40219.1
Project("{FAE04EC0-301F-11D3-BF4B-00C04F79EFBC}") = "practica", "practica\practica.csproj", "{AC8FFDE7-AE21-4441-9883-C50C3439669B}"
EndProject
Global
	GlobalSection(SolutionConfigurationPlatforms) = preSolution
		Debug|Any CPU = Debug|Any CPU
		Release|Any CPU = Release|Any CPU
	EndGlobalSection
	GlobalSection(ProjectConfigurationPlatforms) = postSolution
		{AC8FFDE7-AE21-4441-9883-C50C3439669B}.Debug|Any CPU.ActiveCfg = Debug|Any CPU
		{AC8FFDE7-AE21-4441-9883-C50C3439669B}.Debug|Any CPU.Build.0 = Debug|Any CPU
		{AC8FFDE7-AE21-4441-9883-C50C3439669B}.Release|Any CPU.ActiveCfg = Release|Any CPU
		{AC8FFDE7-AE21-4441-9883-C50C3439669B}.Release|Any CPU.Build.0 = Release|Any CPU
	EndGlobalSection
	GlobalSection(SolutionProperties) = preSolution
		HideSolutionNode = FALSE
	EndGlobalSection
	GlobalSection(ExtensibilityGlobals) = postSolution
		SolutionGuid = {6AC7332E-D78A-4EEE-9232-107ADCFB9DF6}
	EndGlobalSection
EndGlobal
